lockfileVersion: '9.0'

settings:
  autoInstallPeers: true
  excludeLinksFromLockfile: false

importers:

  .:
    devDependencies:
      '@changesets/cli':
        specifier: ^2.28.1
        version: 2.28.1
      '@types/node':
        specifier: ^22.13.13
        version: 22.13.13
      prettier-plugin-organize-imports:
        specifier: ^4.1.0
        version: 4.1.0(prettier@2.8.8)(typescript@5.8.2)
      prettier-plugin-packagejson:
        specifier: ^2.5.10
        version: 2.5.10(prettier@2.8.8)
      typescript:
        specifier: ^5.8.2
        version: 5.8.2

  packages/cli:
    dependencies:
      '@eureka/core':
        specifier: workspace:^
        version: link:../core
      chalk:
        specifier: ^5.4.1
        version: 5.4.1
      commander:
        specifier: ^13.1.0
        version: 13.1.0

  packages/core: {}

packages:

  '@babel/runtime@7.27.0':
    resolution: {integrity: sha1-++58+XxwlRjswfWQmESB1UYNR2I=, tarball: https://jfrog.gopayinc.com.cn:443/artifactory/api/npm/npm-gopay-release/@babel/runtime/-/runtime-7.27.0.tgz}
    engines: {node: '>=6.9.0'}

  '@changesets/apply-release-plan@7.0.10':
    resolution: {integrity: sha1-1vZCWL2HBt1Xqu/NqwUrbkztjsU=, tarball: https://jfrog.gopayinc.com.cn:443/artifactory/api/npm/npm-gopay-release/@changesets/apply-release-plan/-/apply-release-plan-7.0.10.tgz}

  '@changesets/assemble-release-plan@6.0.6':
    resolution: {integrity: sha1-CU2/mN1LORNX3ZmiH5FqHiMaTJg=, tarball: https://jfrog.gopayinc.com.cn:443/artifactory/api/npm/npm-gopay-release/@changesets/assemble-release-plan/-/assemble-release-plan-6.0.6.tgz}

  '@changesets/changelog-git@0.2.1':
    resolution: {integrity: sha1-fzEfPcEerhI1qn/SwYBxEpYrQJs=, tarball: https://jfrog.gopayinc.com.cn:443/artifactory/api/npm/npm-gopay-release/@changesets/changelog-git/-/changelog-git-0.2.1.tgz}

  '@changesets/cli@2.28.1':
    resolution: {integrity: sha1-t/J9XiCD/8KWv+SszdZhJPoK8pE=, tarball: https://jfrog.gopayinc.com.cn:443/artifactory/api/npm/npm-gopay-release/@changesets/cli/-/cli-2.28.1.tgz}
    hasBin: true

  '@changesets/config@3.1.1':
    resolution: {integrity: sha1-PlsfdCNqRVLF9O3fK9BaQ6C3EWA=, tarball: https://jfrog.gopayinc.com.cn:443/artifactory/api/npm/npm-gopay-release/@changesets/config/-/config-3.1.1.tgz}

  '@changesets/errors@0.2.0':
    resolution: {integrity: sha1-PFRegCsPBTOJytzw7VTlY2/5Amo=, tarball: https://jfrog.gopayinc.com.cn:443/artifactory/api/npm/npm-gopay-release/@changesets/errors/-/errors-0.2.0.tgz}

  '@changesets/get-dependents-graph@2.1.3':
    resolution: {integrity: sha1-zTGznaq3ECkh+2Ws3LUbRlhQLu4=, tarball: https://jfrog.gopayinc.com.cn:443/artifactory/api/npm/npm-gopay-release/@changesets/get-dependents-graph/-/get-dependents-graph-2.1.3.tgz}

  '@changesets/get-release-plan@4.0.8':
    resolution: {integrity: sha1-Uo7zhyDjwJrsWj/0nIrqjjGDR+8=, tarball: https://jfrog.gopayinc.com.cn:443/artifactory/api/npm/npm-gopay-release/@changesets/get-release-plan/-/get-release-plan-4.0.8.tgz}

  '@changesets/get-version-range-type@0.4.0':
    resolution: {integrity: sha1-QpqQQQ7v70NoUCxBxjQT4pF0C/U=, tarball: https://jfrog.gopayinc.com.cn:443/artifactory/api/npm/npm-gopay-release/@changesets/get-version-range-type/-/get-version-range-type-0.4.0.tgz}

  '@changesets/git@3.0.2':
    resolution: {integrity: sha1-ZpxwAEncO4ulP0beRfXEsebd6js=, tarball: https://jfrog.gopayinc.com.cn:443/artifactory/api/npm/npm-gopay-release/@changesets/git/-/git-3.0.2.tgz}

  '@changesets/logger@0.1.1':
    resolution: {integrity: sha1-mSasTcj7AEcv4XEWA7a0dV1ktDU=, tarball: https://jfrog.gopayinc.com.cn:443/artifactory/api/npm/npm-gopay-release/@changesets/logger/-/logger-0.1.1.tgz}

  '@changesets/parse@0.4.1':
    resolution: {integrity: sha1-GLpR0ut4TSdGkDTwY0T4/culht8=, tarball: https://jfrog.gopayinc.com.cn:443/artifactory/api/npm/npm-gopay-release/@changesets/parse/-/parse-0.4.1.tgz}

  '@changesets/pre@2.0.2':
    resolution: {integrity: sha1-s16E0l/Ki5cDQGQsoEznbH/DTO0=, tarball: https://jfrog.gopayinc.com.cn:443/artifactory/api/npm/npm-gopay-release/@changesets/pre/-/pre-2.0.2.tgz}

  '@changesets/read@0.6.3':
    resolution: {integrity: sha1-N2DsWR+o60RS5zyEbSD8VOviT7o=, tarball: https://jfrog.gopayinc.com.cn:443/artifactory/api/npm/npm-gopay-release/@changesets/read/-/read-0.6.3.tgz}

  '@changesets/should-skip-package@0.1.2':
    resolution: {integrity: sha1-wBjh4F6rPZevpMRZDysNt0hq5Ig=, tarball: https://jfrog.gopayinc.com.cn:443/artifactory/api/npm/npm-gopay-release/@changesets/should-skip-package/-/should-skip-package-0.1.2.tgz}

  '@changesets/types@4.1.0':
    resolution: {integrity: sha1-+498ojJP1UlUgk6GT5phqCy3j+A=, tarball: https://jfrog.gopayinc.com.cn:443/artifactory/api/npm/npm-gopay-release/@changesets/types/-/types-4.1.0.tgz}

  '@changesets/types@6.1.0':
    resolution: {integrity: sha1-EqTISQgn0mvG+/l6FRSZvi+20vU=, tarball: https://jfrog.gopayinc.com.cn:443/artifactory/api/npm/npm-gopay-release/@changesets/types/-/types-6.1.0.tgz}

  '@changesets/write@0.4.0':
    resolution: {integrity: sha1-7JA8vYqpttpvoJ7xn7YJ7t0RXtY=, tarball: https://jfrog.gopayinc.com.cn:443/artifactory/api/npm/npm-gopay-release/@changesets/write/-/write-0.4.0.tgz}

  '@manypkg/find-root@1.1.0':
    resolution: {integrity: sha1-pi2O0c1+fUwR2dUqg5dGC11K0p8=, tarball: https://jfrog.gopayinc.com.cn:443/artifactory/api/npm/npm-gopay-release/@manypkg/find-root/-/find-root-1.1.0.tgz}

  '@manypkg/get-packages@1.1.3':
    resolution: {integrity: sha1-4YTbm7p5L6RpPeRljPsUY6wsnEc=, tarball: https://jfrog.gopayinc.com.cn:443/artifactory/api/npm/npm-gopay-release/@manypkg/get-packages/-/get-packages-1.1.3.tgz}

  '@nodelib/fs.scandir@2.1.5':
    resolution: {integrity: sha1-dhnC6yGyVIP20WdUi0z9WnSIw9U=, tarball: https://jfrog.gopayinc.com.cn:443/artifactory/api/npm/npm-gopay-release/@nodelib/fs.scandir/-/fs.scandir-2.1.5.tgz}
    engines: {node: '>= 8'}

  '@nodelib/fs.stat@2.0.5':
    resolution: {integrity: sha1-W9Jir5Tp0lvR5xsF3u1Eh2oiLos=, tarball: https://jfrog.gopayinc.com.cn:443/artifactory/api/npm/npm-gopay-release/@nodelib/fs.stat/-/fs.stat-2.0.5.tgz}
    engines: {node: '>= 8'}

  '@nodelib/fs.walk@1.2.8':
    resolution: {integrity: sha1-6Vc36LtnRt3t9pxVaVNJTxlv5po=, tarball: https://jfrog.gopayinc.com.cn:443/artifactory/api/npm/npm-gopay-release/@nodelib/fs.walk/-/fs.walk-1.2.8.tgz}
    engines: {node: '>= 8'}

  '@pkgr/core@0.1.2':
    resolution: {integrity: sha1-HPlQgLtwcvr6o8sTtEL6tGlcOJM=, tarball: https://jfrog.gopayinc.com.cn:443/artifactory/api/npm/npm-gopay-release/@pkgr/core/-/core-0.1.2.tgz}
    engines: {node: ^12.20.0 || ^14.18.0 || >=16.0.0}

  '@types/node@12.20.55':
    resolution: {integrity: sha1-wynL1DTEIWT4RrkJvW+FtVN/YkA=, tarball: https://jfrog.gopayinc.com.cn:443/artifactory/api/npm/npm-gopay-release/@types/node/-/node-12.20.55.tgz}

  '@types/node@22.13.13':
    resolution: {integrity: sha1-Xn0RD7UJsNSkP79I+p1uD4Phsec=, tarball: https://jfrog.gopayinc.com.cn:443/artifactory/api/npm/npm-gopay-release/@types/node/-/node-22.13.13.tgz}

  ansi-colors@4.1.3:
    resolution: {integrity: sha1-N2ETQOsiQ+cMxgTK011jJw1IeBs=, tarball: https://jfrog.gopayinc.com.cn:443/artifactory/api/npm/npm-gopay-release/ansi-colors/-/ansi-colors-4.1.3.tgz}
    engines: {node: '>=6'}

  ansi-regex@5.0.1:
    resolution: {integrity: sha1-CCyyyJyf6GWaMRpTvWpNxTAdswQ=, tarball: https://jfrog.gopayinc.com.cn:443/artifactory/api/npm/npm-gopay-release/ansi-regex/-/ansi-regex-5.0.1.tgz}
    engines: {node: '>=8'}

  argparse@1.0.10:
    resolution: {integrity: sha1-vNZ5HqWuCXJeF+WtmIE0zUCz2RE=, tarball: https://jfrog.gopayinc.com.cn:443/artifactory/api/npm/npm-gopay-release/argparse/-/argparse-1.0.10.tgz}

  array-union@2.1.0:
    resolution: {integrity: sha1-t5hCCtvrHego2ErNii4j0+/oXo0=, tarball: https://jfrog.gopayinc.com.cn:443/artifactory/api/npm/npm-gopay-release/array-union/-/array-union-2.1.0.tgz}
    engines: {node: '>=8'}

  better-path-resolve@1.0.0:
    resolution: {integrity: sha1-E6NaEQTN1Ip7dL+HWPlqHuYT+Z0=, tarball: https://jfrog.gopayinc.com.cn:443/artifactory/api/npm/npm-gopay-release/better-path-resolve/-/better-path-resolve-1.0.0.tgz}
    engines: {node: '>=4'}

  braces@3.0.3:
    resolution: {integrity: sha1-SQMy9AkZRSJy1VqEgK3AxEE1h4k=, tarball: https://jfrog.gopayinc.com.cn:443/artifactory/api/npm/npm-gopay-release/braces/-/braces-3.0.3.tgz}
    engines: {node: '>=8'}

  chalk@5.4.1:
    resolution: {integrity: sha1-G0i/CWPsFY3OKqz2nAk64t0gktg=, tarball: https://jfrog.gopayinc.com.cn:443/artifactory/api/npm/npm-gopay-release/chalk/-/chalk-5.4.1.tgz}
    engines: {node: ^12.17.0 || ^14.13 || >=16.0.0}

  chardet@0.7.0:
    resolution: {integrity: sha1-kAlISfCTfy7twkJdDSip5fDLrZ4=, tarball: https://jfrog.gopayinc.com.cn:443/artifactory/api/npm/npm-gopay-release/chardet/-/chardet-0.7.0.tgz}

  ci-info@3.9.0:
    resolution: {integrity: sha1-QnmmICinsfJi80c/yWBfXiGMWbQ=, tarball: https://jfrog.gopayinc.com.cn:443/artifactory/api/npm/npm-gopay-release/ci-info/-/ci-info-3.9.0.tgz}
    engines: {node: '>=8'}

  commander@13.1.0:
    resolution: {integrity: sha1-d2Fn22jHjzjczh+bjXuLmkiKv0Y=, tarball: https://jfrog.gopayinc.com.cn:443/artifactory/api/npm/npm-gopay-release/commander/-/commander-13.1.0.tgz}
    engines: {node: '>=18'}

  cross-spawn@7.0.6:
    resolution: {integrity: sha1-ilj+ePANzXDDcEUXWd+/rwPo7p8=, tarball: https://jfrog.gopayinc.com.cn:443/artifactory/api/npm/npm-gopay-release/cross-spawn/-/cross-spawn-7.0.6.tgz}
    engines: {node: '>= 8'}

  detect-indent@6.1.0:
    resolution: {integrity: sha1-WSSF67v2s7GrK+F1yDk9BMoNV+Y=, tarball: https://jfrog.gopayinc.com.cn:443/artifactory/api/npm/npm-gopay-release/detect-indent/-/detect-indent-6.1.0.tgz}
    engines: {node: '>=8'}

  detect-indent@7.0.1:
    resolution: {integrity: sha1-y7BgoShCucTTM/HKxKpNobtmvCU=, tarball: https://jfrog.gopayinc.com.cn:443/artifactory/api/npm/npm-gopay-release/detect-indent/-/detect-indent-7.0.1.tgz}
    engines: {node: '>=12.20'}

  detect-newline@4.0.1:
    resolution: {integrity: sha1-/O/bVxPh+4yyg5uLbuIuZxarjyM=, tarball: https://jfrog.gopayinc.com.cn:443/artifactory/api/npm/npm-gopay-release/detect-newline/-/detect-newline-4.0.1.tgz}
    engines: {node: ^12.20.0 || ^14.13.1 || >=16.0.0}

  dir-glob@3.0.1:
    resolution: {integrity: sha1-Vtv3PZkqSpO6FYT0U0Bj/S5BcX8=, tarball: https://jfrog.gopayinc.com.cn:443/artifactory/api/npm/npm-gopay-release/dir-glob/-/dir-glob-3.0.1.tgz}
    engines: {node: '>=8'}

  enquirer@2.4.1:
    resolution: {integrity: sha1-kzNLP710/HCXsiSrSo+35Av0rlY=, tarball: https://jfrog.gopayinc.com.cn:443/artifactory/api/npm/npm-gopay-release/enquirer/-/enquirer-2.4.1.tgz}
    engines: {node: '>=8.6'}

  esprima@4.0.1:
    resolution: {integrity: sha1-E7BM2z5sXRnfkatph6hpVhmwqnE=, tarball: https://jfrog.gopayinc.com.cn:443/artifactory/api/npm/npm-gopay-release/esprima/-/esprima-4.0.1.tgz}
    engines: {node: '>=4'}
    hasBin: true

  extendable-error@0.1.7:
    resolution: {integrity: sha1-YLmt8gYmSskgBYpzlWha5GcMK5Y=, tarball: https://jfrog.gopayinc.com.cn:443/artifactory/api/npm/npm-gopay-release/extendable-error/-/extendable-error-0.1.7.tgz}

  external-editor@3.1.0:
    resolution: {integrity: sha1-ywP3QL764D6k0oPK7SdBqD8zVJU=, tarball: https://jfrog.gopayinc.com.cn:443/artifactory/api/npm/npm-gopay-release/external-editor/-/external-editor-3.1.0.tgz}
    engines: {node: '>=4'}

  fast-glob@3.3.3:
    resolution: {integrity: sha1-0G1YXOjbqQoWsFBcVDw8z7OuuBg=, tarball: https://jfrog.gopayinc.com.cn:443/artifactory/api/npm/npm-gopay-release/fast-glob/-/fast-glob-3.3.3.tgz}
    engines: {node: '>=8.6.0'}

  fastq@1.19.1:
    resolution: {integrity: sha1-1Q6rqAPIhGqIPBZJKCHrzSzaVfU=, tarball: https://jfrog.gopayinc.com.cn:443/artifactory/api/npm/npm-gopay-release/fastq/-/fastq-1.19.1.tgz}

  fdir@6.4.3:
    resolution: {integrity: sha1-ARzaz4N+ypuBHInbuQLfcUJz23I=, tarball: https://jfrog.gopayinc.com.cn:443/artifactory/api/npm/npm-gopay-release/fdir/-/fdir-6.4.3.tgz}
    peerDependencies:
      picomatch: ^3 || ^4
    peerDependenciesMeta:
      picomatch:
        optional: true

  fill-range@7.1.1:
    resolution: {integrity: sha1-RCZdPKwH4+p9wkdRY4BkN1SgUpI=, tarball: https://jfrog.gopayinc.com.cn:443/artifactory/api/npm/npm-gopay-release/fill-range/-/fill-range-7.1.1.tgz}
    engines: {node: '>=8'}

  find-up@4.1.0:
    resolution: {integrity: sha1-l6/n1s3AvFkoWEt8jXsW6KmqXRk=, tarball: https://jfrog.gopayinc.com.cn:443/artifactory/api/npm/npm-gopay-release/find-up/-/find-up-4.1.0.tgz}
    engines: {node: '>=8'}

  fs-extra@7.0.1:
    resolution: {integrity: sha1-TxicRKoSO4lfcigE9V6iPq3DSOk=, tarball: https://jfrog.gopayinc.com.cn:443/artifactory/api/npm/npm-gopay-release/fs-extra/-/fs-extra-7.0.1.tgz}
    engines: {node: '>=6 <7 || >=8'}

  fs-extra@8.1.0:
    resolution: {integrity: sha1-SdQ8RaiM2Wd2aMt74bRu/bjS4cA=, tarball: https://jfrog.gopayinc.com.cn:443/artifactory/api/npm/npm-gopay-release/fs-extra/-/fs-extra-8.1.0.tgz}
    engines: {node: '>=6 <7 || >=8'}

  get-stdin@9.0.0:
    resolution: {integrity: sha1-OYP/guA9VvGy6g0+YDJfOdcDpXU=, tarball: https://jfrog.gopayinc.com.cn:443/artifactory/api/npm/npm-gopay-release/get-stdin/-/get-stdin-9.0.0.tgz}
    engines: {node: '>=12'}

  git-hooks-list@3.2.0:
    resolution: {integrity: sha1-/+XViV4p0k+TD5qY3WBLfkB9L18=, tarball: https://jfrog.gopayinc.com.cn:443/artifactory/api/npm/npm-gopay-release/git-hooks-list/-/git-hooks-list-3.2.0.tgz}

  glob-parent@5.1.2:
    resolution: {integrity: sha1-hpgyxYA0/mikCTwX3BXoNA2EAcQ=, tarball: https://jfrog.gopayinc.com.cn:443/artifactory/api/npm/npm-gopay-release/glob-parent/-/glob-parent-5.1.2.tgz}
    engines: {node: '>= 6'}

  globby@11.1.0:
    resolution: {integrity: sha1-vUvpi7BC+D15b344EZkfvoKg00s=, tarball: https://jfrog.gopayinc.com.cn:443/artifactory/api/npm/npm-gopay-release/globby/-/globby-11.1.0.tgz}
    engines: {node: '>=10'}

  graceful-fs@4.2.11:
    resolution: {integrity: sha1-QYPk6L8Iu24Fu7L30uDI9xLKQOM=, tarball: https://jfrog.gopayinc.com.cn:443/artifactory/api/npm/npm-gopay-release/graceful-fs/-/graceful-fs-4.2.11.tgz}

  human-id@4.1.1:
    resolution: {integrity: sha1-KAH71huaXByRcPMygC22QIo5pLA=, tarball: https://jfrog.gopayinc.com.cn:443/artifactory/api/npm/npm-gopay-release/human-id/-/human-id-4.1.1.tgz}
    hasBin: true

  iconv-lite@0.4.24:
    resolution: {integrity: sha1-ICK0sl+93CHS9SSXSkdKr+czkIs=, tarball: https://jfrog.gopayinc.com.cn:443/artifactory/api/npm/npm-gopay-release/iconv-lite/-/iconv-lite-0.4.24.tgz}
    engines: {node: '>=0.10.0'}

  ignore@5.3.2:
    resolution: {integrity: sha1-PNQOcp82Q/2HywTlC/DrcivFlvU=, tarball: https://jfrog.gopayinc.com.cn:443/artifactory/api/npm/npm-gopay-release/ignore/-/ignore-5.3.2.tgz}
    engines: {node: '>= 4'}

  is-extglob@2.1.1:
    resolution: {integrity: sha1-qIwCU1eR8C7TfHahueqXc8gz+MI=, tarball: https://jfrog.gopayinc.com.cn:443/artifactory/api/npm/npm-gopay-release/is-extglob/-/is-extglob-2.1.1.tgz}
    engines: {node: '>=0.10.0'}

  is-glob@4.0.3:
    resolution: {integrity: sha1-ZPYeQsu7LuwgcanawLKLoeZdUIQ=, tarball: https://jfrog.gopayinc.com.cn:443/artifactory/api/npm/npm-gopay-release/is-glob/-/is-glob-4.0.3.tgz}
    engines: {node: '>=0.10.0'}

  is-number@7.0.0:
    resolution: {integrity: sha1-dTU0W4lnNNX4DE0GxQlVUnoU8Ss=, tarball: https://jfrog.gopayinc.com.cn:443/artifactory/api/npm/npm-gopay-release/is-number/-/is-number-7.0.0.tgz}
    engines: {node: '>=0.12.0'}

  is-plain-obj@4.1.0:
    resolution: {integrity: sha1-1lAl7ew2V84DL9fbY8l4g+rtcfA=, tarball: https://jfrog.gopayinc.com.cn:443/artifactory/api/npm/npm-gopay-release/is-plain-obj/-/is-plain-obj-4.1.0.tgz}
    engines: {node: '>=12'}

  is-subdir@1.2.0:
    resolution: {integrity: sha1-t5HNKPq1IC6RoIKA1R2dclT9INQ=, tarball: https://jfrog.gopayinc.com.cn:443/artifactory/api/npm/npm-gopay-release/is-subdir/-/is-subdir-1.2.0.tgz}
    engines: {node: '>=4'}

  is-windows@1.0.2:
    resolution: {integrity: sha1-0YUOuXkezRjmGCzhKjDzlmNLsZ0=, tarball: https://jfrog.gopayinc.com.cn:443/artifactory/api/npm/npm-gopay-release/is-windows/-/is-windows-1.0.2.tgz}
    engines: {node: '>=0.10.0'}

  isexe@2.0.0:
    resolution: {integrity: sha1-6PvzdNxVb/iUehDcsFctYz8s+hA=, tarball: https://jfrog.gopayinc.com.cn:443/artifactory/api/npm/npm-gopay-release/isexe/-/isexe-2.0.0.tgz}

  js-yaml@3.14.1:
    resolution: {integrity: sha1-2ugS/bOCX6MGYJqHFzg8UMNqBTc=, tarball: https://jfrog.gopayinc.com.cn:443/artifactory/api/npm/npm-gopay-release/js-yaml/-/js-yaml-3.14.1.tgz}
    hasBin: true

  jsonfile@4.0.0:
    resolution: {integrity: sha1-h3Gq4HmbZAdrdmQPygWPnBDjPss=, tarball: https://jfrog.gopayinc.com.cn:443/artifactory/api/npm/npm-gopay-release/jsonfile/-/jsonfile-4.0.0.tgz}

  locate-path@5.0.0:
    resolution: {integrity: sha1-Gvujlq/WdqbUJQTQpno6frn2KqA=, tarball: https://jfrog.gopayinc.com.cn:443/artifactory/api/npm/npm-gopay-release/locate-path/-/locate-path-5.0.0.tgz}
    engines: {node: '>=8'}

  lodash.startcase@4.4.0:
    resolution: {integrity: sha1-lDbjTtJgk+1/+uGTYUQ1CRXZrdg=, tarball: https://jfrog.gopayinc.com.cn:443/artifactory/api/npm/npm-gopay-release/lodash.startcase/-/lodash.startcase-4.4.0.tgz}

  merge2@1.4.1:
    resolution: {integrity: sha1-Q2iJL4hekHRVpv19xVwMnUBJkK4=, tarball: https://jfrog.gopayinc.com.cn:443/artifactory/api/npm/npm-gopay-release/merge2/-/merge2-1.4.1.tgz}
    engines: {node: '>= 8'}

  micromatch@4.0.8:
    resolution: {integrity: sha1-1m+hjzpHB2eJMgubGvMr2G2fogI=, tarball: https://jfrog.gopayinc.com.cn:443/artifactory/api/npm/npm-gopay-release/micromatch/-/micromatch-4.0.8.tgz}
    engines: {node: '>=8.6'}

  mri@1.2.0:
    resolution: {integrity: sha1-ZyFID+wqEaSImGERWki2y+fMjws=, tarball: https://jfrog.gopayinc.com.cn:443/artifactory/api/npm/npm-gopay-release/mri/-/mri-1.2.0.tgz}
    engines: {node: '>=4'}

  os-tmpdir@1.0.2:
    resolution: {integrity: sha1-u+Z0BseaqFxc/sdm/lc0VV36EnQ=, tarball: https://jfrog.gopayinc.com.cn:443/artifactory/api/npm/npm-gopay-release/os-tmpdir/-/os-tmpdir-1.0.2.tgz}
    engines: {node: '>=0.10.0'}

  outdent@0.5.0:
    resolution: {integrity: sha1-nhCYL9xBSSu0c60ThA0i+WVb4v8=, tarball: https://jfrog.gopayinc.com.cn:443/artifactory/api/npm/npm-gopay-release/outdent/-/outdent-0.5.0.tgz}

  p-filter@2.1.0:
    resolution: {integrity: sha1-GxRyVirnoPdC8PPT03GOpm/5wJw=, tarball: https://jfrog.gopayinc.com.cn:443/artifactory/api/npm/npm-gopay-release/p-filter/-/p-filter-2.1.0.tgz}
    engines: {node: '>=8'}

  p-limit@2.3.0:
    resolution: {integrity: sha1-PdM8ZHohT9//2DWTPrCG2g3CHbE=, tarball: https://jfrog.gopayinc.com.cn:443/artifactory/api/npm/npm-gopay-release/p-limit/-/p-limit-2.3.0.tgz}
    engines: {node: '>=6'}

  p-locate@4.1.0:
    resolution: {integrity: sha1-o0KLtwiLOmApL2aRkni3wpetTwc=, tarball: https://jfrog.gopayinc.com.cn:443/artifactory/api/npm/npm-gopay-release/p-locate/-/p-locate-4.1.0.tgz}
    engines: {node: '>=8'}

  p-map@2.1.0:
    resolution: {integrity: sha1-MQko/u+cnsxltosXaTAYpmXOoXU=, tarball: https://jfrog.gopayinc.com.cn:443/artifactory/api/npm/npm-gopay-release/p-map/-/p-map-2.1.0.tgz}
    engines: {node: '>=6'}

  p-try@2.2.0:
    resolution: {integrity: sha1-yyhoVA4xPWHeWPr741zpAE1VQOY=, tarball: https://jfrog.gopayinc.com.cn:443/artifactory/api/npm/npm-gopay-release/p-try/-/p-try-2.2.0.tgz}
    engines: {node: '>=6'}

  package-manager-detector@0.2.11:
    resolution: {integrity: sha1-OvCzT5nYbSSvCgYgYD0uEYDQXJw=, tarball: https://jfrog.gopayinc.com.cn:443/artifactory/api/npm/npm-gopay-release/package-manager-detector/-/package-manager-detector-0.2.11.tgz}

  path-exists@4.0.0:
    resolution: {integrity: sha1-UTvb4tO5XXdi6METfvoZXGxhtbM=, tarball: https://jfrog.gopayinc.com.cn:443/artifactory/api/npm/npm-gopay-release/path-exists/-/path-exists-4.0.0.tgz}
    engines: {node: '>=8'}

  path-key@3.1.1:
    resolution: {integrity: sha1-WB9q3mWMu6ZaDTOA3ndTKVBU83U=, tarball: https://jfrog.gopayinc.com.cn:443/artifactory/api/npm/npm-gopay-release/path-key/-/path-key-3.1.1.tgz}
    engines: {node: '>=8'}

  path-type@4.0.0:
    resolution: {integrity: sha1-hO0BwKe6OAr+CdkKjBgNzZ0DBDs=, tarball: https://jfrog.gopayinc.com.cn:443/artifactory/api/npm/npm-gopay-release/path-type/-/path-type-4.0.0.tgz}
    engines: {node: '>=8'}

  picocolors@1.1.1:
    resolution: {integrity: sha1-PTIa8+q5ObCDyPkpodEs2oHCa2s=, tarball: https://jfrog.gopayinc.com.cn:443/artifactory/api/npm/npm-gopay-release/picocolors/-/picocolors-1.1.1.tgz}

  picomatch@2.3.1:
    resolution: {integrity: sha1-O6ODNzNkbZ0+SZWUbBNlpn+wekI=, tarball: https://jfrog.gopayinc.com.cn:443/artifactory/api/npm/npm-gopay-release/picomatch/-/picomatch-2.3.1.tgz}
    engines: {node: '>=8.6'}

  picomatch@4.0.2:
    resolution: {integrity: sha1-d8dCkx6PO4gglGx2zQwfE3MNHas=, tarball: https://jfrog.gopayinc.com.cn:443/artifactory/api/npm/npm-gopay-release/picomatch/-/picomatch-4.0.2.tgz}
    engines: {node: '>=12'}

  pify@4.0.1:
    resolution: {integrity: sha1-SyzSXFDVmHNcUCkiJP2MbfQeMjE=, tarball: https://jfrog.gopayinc.com.cn:443/artifactory/api/npm/npm-gopay-release/pify/-/pify-4.0.1.tgz}
    engines: {node: '>=6'}

  prettier-plugin-organize-imports@4.1.0:
    resolution: {integrity: sha1-89N2QEao57pkkUMRWLm+b/2DuQ8=, tarball: https://jfrog.gopayinc.com.cn:443/artifactory/api/npm/npm-gopay-release/prettier-plugin-organize-imports/-/prettier-plugin-organize-imports-4.1.0.tgz}
    peerDependencies:
      prettier: '>=2.0'
      typescript: '>=2.9'
      vue-tsc: ^2.1.0
    peerDependenciesMeta:
      vue-tsc:
        optional: true

  prettier-plugin-packagejson@2.5.10:
    resolution: {integrity: sha1-9HBo0KoS783duAIYnYra6HS6AOc=, tarball: https://jfrog.gopayinc.com.cn:443/artifactory/api/npm/npm-gopay-release/prettier-plugin-packagejson/-/prettier-plugin-packagejson-2.5.10.tgz}
    peerDependencies:
      prettier: '>= 1.16.0'
    peerDependenciesMeta:
      prettier:
        optional: true

  prettier@2.8.8:
    resolution: {integrity: sha1-6MXX6YpDBf/j3i4fxKyhpxwosdo=, tarball: https://jfrog.gopayinc.com.cn:443/artifactory/api/npm/npm-gopay-release/prettier/-/prettier-2.8.8.tgz}
    engines: {node: '>=10.13.0'}
    hasBin: true

  quansync@0.2.10:
    resolution: {integrity: sha1-MgU88Wb6NlEarpX8SXlhFvLcIOE=, tarball: https://jfrog.gopayinc.com.cn:443/artifactory/api/npm/npm-gopay-release/quansync/-/quansync-0.2.10.tgz}

  queue-microtask@1.2.3:
    resolution: {integrity: sha1-SSkii7xyTfrEPg77BYyve2z7YkM=, tarball: https://jfrog.gopayinc.com.cn:443/artifactory/api/npm/npm-gopay-release/queue-microtask/-/queue-microtask-1.2.3.tgz}

  read-yaml-file@1.1.0:
    resolution: {integrity: sha1-k2K7y9x3AHzI6kUZ/hwLghp84Ng=, tarball: https://jfrog.gopayinc.com.cn:443/artifactory/api/npm/npm-gopay-release/read-yaml-file/-/read-yaml-file-1.1.0.tgz}
    engines: {node: '>=6'}

  regenerator-runtime@0.14.1:
    resolution: {integrity: sha1-NWreECY/aF3aElEAzYYsHbiVMn8=, tarball: https://jfrog.gopayinc.com.cn:443/artifactory/api/npm/npm-gopay-release/regenerator-runtime/-/regenerator-runtime-0.14.1.tgz}

  resolve-from@5.0.0:
    resolution: {integrity: sha1-w1IlhD3493bfIcV1V7wIfp39/Gk=, tarball: https://jfrog.gopayinc.com.cn:443/artifactory/api/npm/npm-gopay-release/resolve-from/-/resolve-from-5.0.0.tgz}
    engines: {node: '>=8'}

  reusify@1.1.0:
    resolution: {integrity: sha1-D+E7lSLhRz9RtVjueW4I8R+bSJ8=, tarball: https://jfrog.gopayinc.com.cn:443/artifactory/api/npm/npm-gopay-release/reusify/-/reusify-1.1.0.tgz}
    engines: {iojs: '>=1.0.0', node: '>=0.10.0'}

  run-parallel@1.2.0:
    resolution: {integrity: sha1-ZtE2jae9+SHrnZW9GpIp5/IaQ+4=, tarball: https://jfrog.gopayinc.com.cn:443/artifactory/api/npm/npm-gopay-release/run-parallel/-/run-parallel-1.2.0.tgz}

  safer-buffer@2.1.2:
    resolution: {integrity: sha1-qlrodFtx9poh42TFNeSuUxpmUcc=, tarball: https://jfrog.gopayinc.com.cn:443/artifactory/api/npm/npm-gopay-release/safer-buffer/-/safer-buffer-2.1.2.tgz}

  semver@7.7.1:
    resolution: {integrity: sha1-q9UJjYKxjGyB9gdP8mR/0+ciDJ8=, tarball: https://jfrog.gopayinc.com.cn:443/artifactory/api/npm/npm-gopay-release/semver/-/semver-7.7.1.tgz}
    engines: {node: '>=10'}
    hasBin: true

  shebang-command@2.0.0:
    resolution: {integrity: sha1-zNCvT4g1+9wmW4JGGq8MNmY/NOo=, tarball: https://jfrog.gopayinc.com.cn:443/artifactory/api/npm/npm-gopay-release/shebang-command/-/shebang-command-2.0.0.tgz}
    engines: {node: '>=8'}

  shebang-regex@3.0.0:
    resolution: {integrity: sha1-rhbxZE2HPsrYQ7AwexQzYtTEIXI=, tarball: https://jfrog.gopayinc.com.cn:443/artifactory/api/npm/npm-gopay-release/shebang-regex/-/shebang-regex-3.0.0.tgz}
    engines: {node: '>=8'}

  signal-exit@4.1.0:
    resolution: {integrity: sha1-lSGIwcvVRgcOLdIND0HArgUwywQ=, tarball: https://jfrog.gopayinc.com.cn:443/artifactory/api/npm/npm-gopay-release/signal-exit/-/signal-exit-4.1.0.tgz}
    engines: {node: '>=14'}

  slash@3.0.0:
    resolution: {integrity: sha1-ZTm+hwwWWtvVJAIg2+Nh8bxNRjQ=, tarball: https://jfrog.gopayinc.com.cn:443/artifactory/api/npm/npm-gopay-release/slash/-/slash-3.0.0.tgz}
    engines: {node: '>=8'}

  sort-object-keys@1.1.3:
    resolution: {integrity: sha1-v/gz/oXKsUezR0LkWGNFPB4ZC0U=, tarball: https://jfrog.gopayinc.com.cn:443/artifactory/api/npm/npm-gopay-release/sort-object-keys/-/sort-object-keys-1.1.3.tgz}

  sort-package-json@2.15.1:
    resolution: {integrity: sha1-5aA1+tfaJ3sZR7nuzJPqCcHCUm4=, tarball: https://jfrog.gopayinc.com.cn:443/artifactory/api/npm/npm-gopay-release/sort-package-json/-/sort-package-json-2.15.1.tgz}
    hasBin: true

  spawndamnit@3.0.1:
    resolution: {integrity: sha1-REECNdPcTiH45PdArjJm5EhsKu0=, tarball: https://jfrog.gopayinc.com.cn:443/artifactory/api/npm/npm-gopay-release/spawndamnit/-/spawndamnit-3.0.1.tgz}

  sprintf-js@1.0.3:
    resolution: {integrity: sha1-BOaSb2YolTVPPdAVIDYzuFcpfiw=, tarball: https://jfrog.gopayinc.com.cn:443/artifactory/api/npm/npm-gopay-release/sprintf-js/-/sprintf-js-1.0.3.tgz}

  strip-ansi@6.0.1:
    resolution: {integrity: sha1-nibGPTD1NEPpSJSVshBdN7Z6hdk=, tarball: https://jfrog.gopayinc.com.cn:443/artifactory/api/npm/npm-gopay-release/strip-ansi/-/strip-ansi-6.0.1.tgz}
    engines: {node: '>=8'}

  strip-bom@3.0.0:
    resolution: {integrity: sha1-IzTBjpx1n3vdVv3vfprj1YjmjtM=, tarball: https://jfrog.gopayinc.com.cn:443/artifactory/api/npm/npm-gopay-release/strip-bom/-/strip-bom-3.0.0.tgz}
    engines: {node: '>=4'}

  synckit@0.9.2:
    resolution: {integrity: sha1-o6k17KeSLUi559bGGCLubDrk7GI=, tarball: https://jfrog.gopayinc.com.cn:443/artifactory/api/npm/npm-gopay-release/synckit/-/synckit-0.9.2.tgz}
    engines: {node: ^14.18.0 || >=16.0.0}

  term-size@2.2.1:
    resolution: {integrity: sha1-KmpUhAQywvtjIP6g9BVTHpAYn1Q=, tarball: https://jfrog.gopayinc.com.cn:443/artifactory/api/npm/npm-gopay-release/term-size/-/term-size-2.2.1.tgz}
    engines: {node: '>=8'}

  tinyglobby@0.2.12:
    resolution: {integrity: sha1-rJQaQuDFdzvQtdCPMt6C50oaYbU=, tarball: https://jfrog.gopayinc.com.cn:443/artifactory/api/npm/npm-gopay-release/tinyglobby/-/tinyglobby-0.2.12.tgz}
    engines: {node: '>=12.0.0'}

  tmp@0.0.33:
    resolution: {integrity: sha1-bTQzWIl2jSGyvNoKonfO07G/rfk=, tarball: https://jfrog.gopayinc.com.cn:443/artifactory/api/npm/npm-gopay-release/tmp/-/tmp-0.0.33.tgz}
    engines: {node: '>=0.6.0'}

  to-regex-range@5.0.1:
    resolution: {integrity: sha1-FkjESq58jZiKMmAY7XL1tN0DkuQ=, tarball: https://jfrog.gopayinc.com.cn:443/artifactory/api/npm/npm-gopay-release/to-regex-range/-/to-regex-range-5.0.1.tgz}
    engines: {node: '>=8.0'}

  tslib@2.8.1:
    resolution: {integrity: sha1-YS7+TtI11Wfoq6Xypfq3AoCt6D8=, tarball: https://jfrog.gopayinc.com.cn:443/artifactory/api/npm/npm-gopay-release/tslib/-/tslib-2.8.1.tgz}

  typescript@5.8.2:
    resolution: {integrity: sha1-gXCzcC90t52y5aliB8FeZYB5meQ=, tarball: https://jfrog.gopayinc.com.cn:443/artifactory/api/npm/npm-gopay-release/typescript/-/typescript-5.8.2.tgz}
    engines: {node: '>=14.17'}
    hasBin: true

  undici-types@6.20.0:
    resolution: {integrity: sha1-gXG/IsH1iNFVTVW/IEvGJK84hDM=, tarball: https://jfrog.gopayinc.com.cn:443/artifactory/api/npm/npm-gopay-release/undici-types/-/undici-types-6.20.0.tgz}

  universalify@0.1.2:
    resolution: {integrity: sha1-tkb2m+OULavOzJ1mOcgNwQXvqmY=, tarball: https://jfrog.gopayinc.com.cn:443/artifactory/api/npm/npm-gopay-release/universalify/-/universalify-0.1.2.tgz}
    engines: {node: '>= 4.0.0'}

  which@2.0.2:
    resolution: {integrity: sha1-fGqN0KY2oDJ+ELWckobu6T8/UbE=, tarball: https://jfrog.gopayinc.com.cn:443/artifactory/api/npm/npm-gopay-release/which/-/which-2.0.2.tgz}
    engines: {node: '>= 8'}
    hasBin: true

snapshots:

  '@babel/runtime@7.27.0':
    dependencies:
      regenerator-runtime: 0.14.1

  '@changesets/apply-release-plan@7.0.10':
    dependencies:
      '@changesets/config': 3.1.1
      '@changesets/get-version-range-type': 0.4.0
      '@changesets/git': 3.0.2
      '@changesets/should-skip-package': 0.1.2
      '@changesets/types': 6.1.0
      '@manypkg/get-packages': 1.1.3
      detect-indent: 6.1.0
      fs-extra: 7.0.1
      lodash.startcase: 4.4.0
      outdent: 0.5.0
      prettier: 2.8.8
      resolve-from: 5.0.0
      semver: 7.7.1

  '@changesets/assemble-release-plan@6.0.6':
    dependencies:
      '@changesets/errors': 0.2.0
      '@changesets/get-dependents-graph': 2.1.3
      '@changesets/should-skip-package': 0.1.2
      '@changesets/types': 6.1.0
      '@manypkg/get-packages': 1.1.3
      semver: 7.7.1

  '@changesets/changelog-git@0.2.1':
    dependencies:
      '@changesets/types': 6.1.0

  '@changesets/cli@2.28.1':
    dependencies:
      '@changesets/apply-release-plan': 7.0.10
      '@changesets/assemble-release-plan': 6.0.6
      '@changesets/changelog-git': 0.2.1
      '@changesets/config': 3.1.1
      '@changesets/errors': 0.2.0
      '@changesets/get-dependents-graph': 2.1.3
      '@changesets/get-release-plan': 4.0.8
      '@changesets/git': 3.0.2
      '@changesets/logger': 0.1.1
      '@changesets/pre': 2.0.2
      '@changesets/read': 0.6.3
      '@changesets/should-skip-package': 0.1.2
      '@changesets/types': 6.1.0
      '@changesets/write': 0.4.0
      '@manypkg/get-packages': 1.1.3
      ansi-colors: 4.1.3
      ci-info: 3.9.0
      enquirer: 2.4.1
      external-editor: 3.1.0
      fs-extra: 7.0.1
      mri: 1.2.0
      p-limit: 2.3.0
      package-manager-detector: 0.2.11
      picocolors: 1.1.1
      resolve-from: 5.0.0
      semver: 7.7.1
      spawndamnit: 3.0.1
      term-size: 2.2.1

  '@changesets/config@3.1.1':
    dependencies:
      '@changesets/errors': 0.2.0
      '@changesets/get-dependents-graph': 2.1.3
      '@changesets/logger': 0.1.1
      '@changesets/types': 6.1.0
      '@manypkg/get-packages': 1.1.3
      fs-extra: 7.0.1
      micromatch: 4.0.8

  '@changesets/errors@0.2.0':
    dependencies:
      extendable-error: 0.1.7

  '@changesets/get-dependents-graph@2.1.3':
    dependencies:
      '@changesets/types': 6.1.0
      '@manypkg/get-packages': 1.1.3
      picocolors: 1.1.1
      semver: 7.7.1

  '@changesets/get-release-plan@4.0.8':
    dependencies:
      '@changesets/assemble-release-plan': 6.0.6
      '@changesets/config': 3.1.1
      '@changesets/pre': 2.0.2
      '@changesets/read': 0.6.3
      '@changesets/types': 6.1.0
      '@manypkg/get-packages': 1.1.3

  '@changesets/get-version-range-type@0.4.0': {}

  '@changesets/git@3.0.2':
    dependencies:
      '@changesets/errors': 0.2.0
      '@manypkg/get-packages': 1.1.3
      is-subdir: 1.2.0
      micromatch: 4.0.8
      spawndamnit: 3.0.1

  '@changesets/logger@0.1.1':
    dependencies:
      picocolors: 1.1.1

  '@changesets/parse@0.4.1':
    dependencies:
      '@changesets/types': 6.1.0
      js-yaml: 3.14.1

  '@changesets/pre@2.0.2':
    dependencies:
      '@changesets/errors': 0.2.0
      '@changesets/types': 6.1.0
      '@manypkg/get-packages': 1.1.3
      fs-extra: 7.0.1

  '@changesets/read@0.6.3':
    dependencies:
      '@changesets/git': 3.0.2
      '@changesets/logger': 0.1.1
      '@changesets/parse': 0.4.1
      '@changesets/types': 6.1.0
      fs-extra: 7.0.1
      p-filter: 2.1.0
      picocolors: 1.1.1

  '@changesets/should-skip-package@0.1.2':
    dependencies:
      '@changesets/types': 6.1.0
      '@manypkg/get-packages': 1.1.3

  '@changesets/types@4.1.0': {}

  '@changesets/types@6.1.0': {}

  '@changesets/write@0.4.0':
    dependencies:
      '@changesets/types': 6.1.0
      fs-extra: 7.0.1
      human-id: 4.1.1
      prettier: 2.8.8

  '@manypkg/find-root@1.1.0':
    dependencies:
      '@babel/runtime': 7.27.0
      '@types/node': 12.20.55
      find-up: 4.1.0
      fs-extra: 8.1.0

  '@manypkg/get-packages@1.1.3':
    dependencies:
      '@babel/runtime': 7.27.0
      '@changesets/types': 4.1.0
      '@manypkg/find-root': 1.1.0
      fs-extra: 8.1.0
      globby: 11.1.0
      read-yaml-file: 1.1.0

  '@nodelib/fs.scandir@2.1.5':
    dependencies:
      '@nodelib/fs.stat': 2.0.5
      run-parallel: 1.2.0

  '@nodelib/fs.stat@2.0.5': {}

  '@nodelib/fs.walk@1.2.8':
    dependencies:
      '@nodelib/fs.scandir': 2.1.5
      fastq: 1.19.1

  '@pkgr/core@0.1.2': {}

  '@types/node@12.20.55': {}

  '@types/node@22.13.13':
    dependencies:
      undici-types: 6.20.0

  ansi-colors@4.1.3: {}

  ansi-regex@5.0.1: {}

  argparse@1.0.10:
    dependencies:
      sprintf-js: 1.0.3

  array-union@2.1.0: {}

  better-path-resolve@1.0.0:
    dependencies:
      is-windows: 1.0.2

  braces@3.0.3:
    dependencies:
      fill-range: 7.1.1

  chalk@5.4.1: {}

  chardet@0.7.0: {}

  ci-info@3.9.0: {}

  commander@13.1.0: {}

  cross-spawn@7.0.6:
    dependencies:
      path-key: 3.1.1
      shebang-command: 2.0.0
      which: 2.0.2

  detect-indent@6.1.0: {}

  detect-indent@7.0.1: {}

  detect-newline@4.0.1: {}

  dir-glob@3.0.1:
    dependencies:
      path-type: 4.0.0

  enquirer@2.4.1:
    dependencies:
      ansi-colors: 4.1.3
      strip-ansi: 6.0.1

  esprima@4.0.1: {}

  extendable-error@0.1.7: {}

  external-editor@3.1.0:
    dependencies:
      chardet: 0.7.0
      iconv-lite: 0.4.24
      tmp: 0.0.33

  fast-glob@3.3.3:
    dependencies:
      '@nodelib/fs.stat': 2.0.5
      '@nodelib/fs.walk': 1.2.8
      glob-parent: 5.1.2
      merge2: 1.4.1
      micromatch: 4.0.8

  fastq@1.19.1:
    dependencies:
      reusify: 1.1.0

  fdir@6.4.3(picomatch@4.0.2):
    optionalDependencies:
      picomatch: 4.0.2

  fill-range@7.1.1:
    dependencies:
      to-regex-range: 5.0.1

  find-up@4.1.0:
    dependencies:
      locate-path: 5.0.0
      path-exists: 4.0.0

  fs-extra@7.0.1:
    dependencies:
      graceful-fs: 4.2.11
      jsonfile: 4.0.0
      universalify: 0.1.2

  fs-extra@8.1.0:
    dependencies:
      graceful-fs: 4.2.11
      jsonfile: 4.0.0
      universalify: 0.1.2

  get-stdin@9.0.0: {}

  git-hooks-list@3.2.0: {}

  glob-parent@5.1.2:
    dependencies:
      is-glob: 4.0.3

  globby@11.1.0:
    dependencies:
      array-union: 2.1.0
      dir-glob: 3.0.1
      fast-glob: 3.3.3
      ignore: 5.3.2
      merge2: 1.4.1
      slash: 3.0.0

  graceful-fs@4.2.11: {}

  human-id@4.1.1: {}

  iconv-lite@0.4.24:
    dependencies:
      safer-buffer: 2.1.2

  ignore@5.3.2: {}

  is-extglob@2.1.1: {}

  is-glob@4.0.3:
    dependencies:
      is-extglob: 2.1.1

  is-number@7.0.0: {}

  is-plain-obj@4.1.0: {}

  is-subdir@1.2.0:
    dependencies:
      better-path-resolve: 1.0.0

  is-windows@1.0.2: {}

  isexe@2.0.0: {}

  js-yaml@3.14.1:
    dependencies:
      argparse: 1.0.10
      esprima: 4.0.1

  jsonfile@4.0.0:
    optionalDependencies:
      graceful-fs: 4.2.11

  locate-path@5.0.0:
    dependencies:
      p-locate: 4.1.0

  lodash.startcase@4.4.0: {}

  merge2@1.4.1: {}

  micromatch@4.0.8:
    dependencies:
      braces: 3.0.3
      picomatch: 2.3.1

  mri@1.2.0: {}

  os-tmpdir@1.0.2: {}

  outdent@0.5.0: {}

  p-filter@2.1.0:
    dependencies:
      p-map: 2.1.0

  p-limit@2.3.0:
    dependencies:
      p-try: 2.2.0

  p-locate@4.1.0:
    dependencies:
      p-limit: 2.3.0

  p-map@2.1.0: {}

  p-try@2.2.0: {}

  package-manager-detector@0.2.11:
    dependencies:
      quansync: 0.2.10

  path-exists@4.0.0: {}

  path-key@3.1.1: {}

  path-type@4.0.0: {}

  picocolors@1.1.1: {}

  picomatch@2.3.1: {}

  picomatch@4.0.2: {}

  pify@4.0.1: {}

  prettier-plugin-organize-imports@4.1.0(prettier@2.8.8)(typescript@5.8.2):
    dependencies:
      prettier: 2.8.8
      typescript: 5.8.2

  prettier-plugin-packagejson@2.5.10(prettier@2.8.8):
    dependencies:
      sort-package-json: 2.15.1
      synckit: 0.9.2
    optionalDependencies:
      prettier: 2.8.8

  prettier@2.8.8: {}

  quansync@0.2.10: {}

  queue-microtask@1.2.3: {}

  read-yaml-file@1.1.0:
    dependencies:
      graceful-fs: 4.2.11
      js-yaml: 3.14.1
      pify: 4.0.1
      strip-bom: 3.0.0

  regenerator-runtime@0.14.1: {}

  resolve-from@5.0.0: {}

  reusify@1.1.0: {}

  run-parallel@1.2.0:
    dependencies:
      queue-microtask: 1.2.3

  safer-buffer@2.1.2: {}

  semver@7.7.1: {}

  shebang-command@2.0.0:
    dependencies:
      shebang-regex: 3.0.0

  shebang-regex@3.0.0: {}

  signal-exit@4.1.0: {}

  slash@3.0.0: {}

  sort-object-keys@1.1.3: {}

  sort-package-json@2.15.1:
    dependencies:
      detect-indent: 7.0.1
      detect-newline: 4.0.1
      get-stdin: 9.0.0
      git-hooks-list: 3.2.0
      is-plain-obj: 4.1.0
      semver: 7.7.1
      sort-object-keys: 1.1.3
      tinyglobby: 0.2.12

  spawndamnit@3.0.1:
    dependencies:
      cross-spawn: 7.0.6
      signal-exit: 4.1.0

  sprintf-js@1.0.3: {}

  strip-ansi@6.0.1:
    dependencies:
      ansi-regex: 5.0.1

  strip-bom@3.0.0: {}

  synckit@0.9.2:
    dependencies:
      '@pkgr/core': 0.1.2
      tslib: 2.8.1

  term-size@2.2.1: {}

  tinyglobby@0.2.12:
    dependencies:
      fdir: 6.4.3(picomatch@4.0.2)
      picomatch: 4.0.2

  tmp@0.0.33:
    dependencies:
      os-tmpdir: 1.0.2

  to-regex-range@5.0.1:
    dependencies:
      is-number: 7.0.0

  tslib@2.8.1: {}

  typescript@5.8.2: {}

  undici-types@6.20.0: {}

  universalify@0.1.2: {}

  which@2.0.2:
    dependencies:
      isexe: 2.0.0
